
Microsoft Visual Studio Solution File, Format Version 12.00
# Visual Studio 14
VisualStudioVersion = 14.0.23107.0
MinimumVisualStudioVersion = 10.0.40219.1
Project("{FAE04EC0-301F-11D3-BF4B-00C04F79EFBC}") = "P10Gen.UI", "P10Gen.UI\P10Gen.UI.csproj", "{16A0A28C-D2B7-4F56-BA56-F4CA2CF36FDB}"
EndProject
Project("{FAE04EC0-301F-11D3-BF4B-00C04F79EFBC}") = "P10Gen.Core", "P10Gen.Core\P10Gen.Core.csproj", "{8075CEEC-9B5D-4F59-9DE7-8AAD6E4D2E1E}"
EndProject
Project("{FAE04EC0-301F-11D3-BF4B-00C04F79EFBC}") = "G10Gen.Core.Tests", "G10Gen.Core.Tests\G10Gen.Core.Tests.csproj", "{62E762B4-BFA4-4F72-98EE-AEECC2B12E73}"
EndProject
Global
	GlobalSection(SolutionConfigurationPlatforms) = preSolution
		Debug|Any CPU = Debug|Any CPU
		Release|Any CPU = Release|Any CPU
	EndGlobalSection
	GlobalSection(ProjectConfigurationPlatforms) = postSolution
		{16A0A28C-D2B7-4F56-BA56-F4CA2CF36FDB}.Debug|Any CPU.ActiveCfg = Debug|Any CPU
		{16A0A28C-D2B7-4F56-BA56-F4CA2CF36FDB}.Debug|Any CPU.Build.0 = Debug|Any CPU
		{16A0A28C-D2B7-4F56-BA56-F4CA2CF36FDB}.Release|Any CPU.ActiveCfg = Release|Any CPU
		{16A0A28C-D2B7-4F56-BA56-F4CA2CF36FDB}.Release|Any CPU.Build.0 = Release|Any CPU
		{8075CEEC-9B5D-4F59-9DE7-8AAD6E4D2E1E}.Debug|Any CPU.ActiveCfg = Debug|Any CPU
		{8075CEEC-9B5D-4F59-9DE7-8AAD6E4D2E1E}.Debug|Any CPU.Build.0 = Debug|Any CPU
		{8075CEEC-9B5D-4F59-9DE7-8AAD6E4D2E1E}.Release|Any CPU.ActiveCfg = Release|Any CPU
		{8075CEEC-9B5D-4F59-9DE7-8AAD6E4D2E1E}.Release|Any CPU.Build.0 = Release|Any CPU
		{62E762B4-BFA4-4F72-98EE-AEECC2B12E73}.Debug|Any CPU.ActiveCfg = Debug|Any CPU
		{62E762B4-BFA4-4F72-98EE-AEECC2B12E73}.Debug|Any CPU.Build.0 = Debug|Any CPU
		{62E762B4-BFA4-4F72-98EE-AEECC2B12E73}.Release|Any CPU.ActiveCfg = Release|Any CPU
		{62E762B4-BFA4-4F72-98EE-AEECC2B12E73}.Release|Any CPU.Build.0 = Release|Any CPU
	EndGlobalSection
	GlobalSection(SolutionProperties) = preSolution
		HideSolutionNode = FALSE
	EndGlobalSection
EndGlobal
